
Microsoft Visual Studio Solution File, Format Version 12.00
# Visual Studio 2013
VisualStudioVersion = 12.0.30723.0
MinimumVisualStudioVersion = 10.0.40219.1
Project("{FAE04EC0-301F-11D3-BF4B-00C04F79EFBC}") = "SampleWcfHostApp", "SampleWcfHostApp\SampleWcfHostApp.csproj", "{59B4D7C9-2CE2-480B-985C-0C4CBA568E32}"
EndProject
Project("{FAE04EC0-301F-11D3-BF4B-00C04F79EFBC}") = "SampleWcfServiceLibrary", "SampleWcfServiceLibrary\SampleWcfServiceLibrary.csproj", "{46F2D9D7-C410-4BB0-86CA-60306553E38F}"
EndProject
Project("{FAE04EC0-301F-11D3-BF4B-00C04F79EFBC}") = "SampleWcfClientApp", "SampleWcfClientApp\SampleWcfClientApp.csproj", "{8CE20D51-D1AD-4901-996B-0FCB0252E9AF}"
EndProject
Global
	GlobalSection(SolutionConfigurationPlatforms) = preSolution
		Debug|Any CPU = Debug|Any CPU
		Release|Any CPU = Release|Any CPU
	EndGlobalSection
	GlobalSection(ProjectConfigurationPlatforms) = postSolution
		{59B4D7C9-2CE2-480B-985C-0C4CBA568E32}.Debug|Any CPU.ActiveCfg = Debug|Any CPU
		{59B4D7C9-2CE2-480B-985C-0C4CBA568E32}.Debug|Any CPU.Build.0 = Debug|Any CPU
		{59B4D7C9-2CE2-480B-985C-0C4CBA568E32}.Release|Any CPU.ActiveCfg = Release|Any CPU
		{59B4D7C9-2CE2-480B-985C-0C4CBA568E32}.Release|Any CPU.Build.0 = Release|Any CPU
		{46F2D9D7-C410-4BB0-86CA-60306553E38F}.Debug|Any CPU.ActiveCfg = Debug|Any CPU
		{46F2D9D7-C410-4BB0-86CA-60306553E38F}.Debug|Any CPU.Build.0 = Debug|Any CPU
		{46F2D9D7-C410-4BB0-86CA-60306553E38F}.Release|Any CPU.ActiveCfg = Release|Any CPU
		{46F2D9D7-C410-4BB0-86CA-60306553E38F}.Release|Any CPU.Build.0 = Release|Any CPU
		{8CE20D51-D1AD-4901-996B-0FCB0252E9AF}.Debug|Any CPU.ActiveCfg = Debug|Any CPU
		{8CE20D51-D1AD-4901-996B-0FCB0252E9AF}.Debug|Any CPU.Build.0 = Debug|Any CPU
		{8CE20D51-D1AD-4901-996B-0FCB0252E9AF}.Release|Any CPU.ActiveCfg = Release|Any CPU
		{8CE20D51-D1AD-4901-996B-0FCB0252E9AF}.Release|Any CPU.Build.0 = Release|Any CPU
	EndGlobalSection
	GlobalSection(SolutionProperties) = preSolution
		HideSolutionNode = FALSE
	EndGlobalSection
EndGlobal
